NeoBundleLock ctrlp.vim 88abbcb926a415b789ff648cbdc86ed4b353bfc1
NeoBundleLock neobundle.vim 26d03781886ed887e390d4ad8b935987754b1c2c
NeoBundleLock neosnippet-snippets 66703a40169b09ab6e85c7336e6ca7497ab4d0c0
NeoBundleLock neosnippet.vim 770ed583cfe97358c552b98e06f5538810877d7a
NeoBundleLock nerdtree 68572ef46143c5c7d420a6ec86f1ec4595765ce5
NeoBundleLock php.vim 1081084442bd85ea4be4cef01824058d078c6c97
NeoBundleLock vim-airline c2ffb8b3ec114301795036f7bf22995746d2acaf
NeoBundleLock vim-airline-themes 4b7f77e770a2165726072a2b6f109f2457783080
NeoBundleLock vim-colors-solarized 528a59f26d12278698bb946f8fb82a63711eec21
NeoBundleLock vim-fugitive b82abd5bd583cfb90be63ae12adc36a84577bd45
NeoBundleLock vim-indent-guides 81f923e0ef92c79660ddbea5395a7102705e80c7
NeoBundleLock vim-perl 956b98d98ea53f6859edeea5e06f50a1b3474e89
NeoBundleLock vim-run-interactive 5691bd87ea3fc8768b7693f4d34d0de6fb2985ab
NeoBundleLock vimshell 3787e52766812d8b99a93ccdda57517bc2a0bab6
